
Microsoft Visual Studio Solution File, Format Version 12.00
# Visual Studio Version 17
VisualStudioVersion = 17.0.31903.59
MinimumVisualStudioVersion = 10.0.40219.1
Project("{FAE04EC0-301F-11D3-BF4B-00C04F79EFBC}") = "WayfairQuestion_Dictionary", "WayfairQuestion_Dictionary\WayfairQuestion_Dictionary.csproj", "{C9CBA3AC-1297-472F-A7CB-BF0D93559D5A}"
EndProject
Global
	GlobalSection(SolutionConfigurationPlatforms) = preSolution
		Debug|Any CPU = Debug|Any CPU
		Release|Any CPU = Release|Any CPU
	EndGlobalSection
	GlobalSection(ProjectConfigurationPlatforms) = postSolution
		{C9CBA3AC-1297-472F-A7CB-BF0D93559D5A}.Debug|Any CPU.ActiveCfg = Debug|Any CPU
		{C9CBA3AC-1297-472F-A7CB-BF0D93559D5A}.Debug|Any CPU.Build.0 = Debug|Any CPU
		{C9CBA3AC-1297-472F-A7CB-BF0D93559D5A}.Release|Any CPU.ActiveCfg = Release|Any CPU
		{C9CBA3AC-1297-472F-A7CB-BF0D93559D5A}.Release|Any CPU.Build.0 = Release|Any CPU
	EndGlobalSection
	GlobalSection(SolutionProperties) = preSolution
		HideSolutionNode = FALSE
	EndGlobalSection
	GlobalSection(ExtensibilityGlobals) = postSolution
		SolutionGuid = {5DFCF5CE-BAF4-4009-A3C7-C4F31F19A4C1}
	EndGlobalSection
EndGlobal
